lockfileVersion: '6.0'

settings:
  autoInstallPeers: true
  excludeLinksFromLockfile: false

dependencies:
  env:
    specifier: ^0.0.2
    version: 0.0.2

packages:

  /env@0.0.2:
    resolution: {integrity: sha512-yP8LfjO4ughSHD/3HgLPinWzexmaOGvRfs2TFx0SZhOm7j1xPi9evjuGcLiNVHIGLmcsgMak4eDbBzlYqGIVxw==}
    engines: {node: '>= 0.5.9'}
    dev: false
